{
  "name": "vision-2030-platform",
  "version": "1.0.0",
  "lockfileVersion": 3,
  "requires": true,
  "packages": {
    "": {
      "name": "vision-2030-platform",
      "version": "1.0.0",
      "license": "MIT",
      "dependencies": {
        "vision-2030-platform": "file:"
      }
    },
    "node_modules/vision-2030-platform": {
      "resolved": "",
      "link": true
    }
  }
}
